
Microsoft Visual Studio Solution File, Format Version 12.00
# Visual Studio Version 17
VisualStudioVersion = 17.8.34309.116
MinimumVisualStudioVersion = 10.0.40219.1
Project("{FAE04EC0-301F-11D3-BF4B-00C04F79EFBC}") = "apiPlatzi", "apiPlatzi\apiPlatzi.csproj", "{A9031DA0-77F3-4615-9202-31B2693DD2CF}"
EndProject
Global
	GlobalSection(SolutionConfigurationPlatforms) = preSolution
		Debug|Any CPU = Debug|Any CPU
		Release|Any CPU = Release|Any CPU
	EndGlobalSection
	GlobalSection(ProjectConfigurationPlatforms) = postSolution
		{A9031DA0-77F3-4615-9202-31B2693DD2CF}.Debug|Any CPU.ActiveCfg = Debug|Any CPU
		{A9031DA0-77F3-4615-9202-31B2693DD2CF}.Debug|Any CPU.Build.0 = Debug|Any CPU
		{A9031DA0-77F3-4615-9202-31B2693DD2CF}.Release|Any CPU.ActiveCfg = Release|Any CPU
		{A9031DA0-77F3-4615-9202-31B2693DD2CF}.Release|Any CPU.Build.0 = Release|Any CPU
	EndGlobalSection
	GlobalSection(SolutionProperties) = preSolution
		HideSolutionNode = FALSE
	EndGlobalSection
	GlobalSection(ExtensibilityGlobals) = postSolution
		SolutionGuid = {4D918A09-76F8-438F-A775-4F87E0DBB3F3}
	EndGlobalSection
EndGlobal
